
Microsoft Visual Studio Solution File, Format Version 12.00
# Visual Studio Version 17
VisualStudioVersion = 17.5.33414.496
MinimumVisualStudioVersion = 10.0.40219.1
Project("{FAE04EC0-301F-11D3-BF4B-00C04F79EFBC}") = "ValidadorCpf", "ValidadorCpf\ValidadorCpf.csproj", "{E749878C-1995-4C26-B057-2658F0D3798E}"
EndProject
Global
	GlobalSection(SolutionConfigurationPlatforms) = preSolution
		Debug|Any CPU = Debug|Any CPU
		Release|Any CPU = Release|Any CPU
	EndGlobalSection
	GlobalSection(ProjectConfigurationPlatforms) = postSolution
		{E749878C-1995-4C26-B057-2658F0D3798E}.Debug|Any CPU.ActiveCfg = Debug|Any CPU
		{E749878C-1995-4C26-B057-2658F0D3798E}.Debug|Any CPU.Build.0 = Debug|Any CPU
		{E749878C-1995-4C26-B057-2658F0D3798E}.Release|Any CPU.ActiveCfg = Release|Any CPU
		{E749878C-1995-4C26-B057-2658F0D3798E}.Release|Any CPU.Build.0 = Release|Any CPU
	EndGlobalSection
	GlobalSection(SolutionProperties) = preSolution
		HideSolutionNode = FALSE
	EndGlobalSection
	GlobalSection(ExtensibilityGlobals) = postSolution
		SolutionGuid = {5C75CD3F-E196-4FC2-9028-C85E399AA61D}
	EndGlobalSection
EndGlobal
